// !$*UTF8*$!
{
	archiveVersion = 1;
	classes = {
	};
	objectVersion = 52;
	objects = {

/* Begin PBXBuildFile section */
		29EEFED6232324E600E27264 /* AppDelegate.swift in Sources */ = {isa = PBXBuildFile; fileRef = 29EEFED5232324E600E27264 /* AppDelegate.swift */; };
		29EEFED8232324E600E27264 /* SceneDelegate.swift in Sources */ = {isa = PBXBuildFile; fileRef = 29EEFED7232324E600E27264 /* SceneDelegate.swift */; };
		29EEFEDA232324E600E27264 /* ContentView.swift in Sources */ = {isa = PBXBuildFile; fileRef = 29EEFED9232324E600E27264 /* ContentView.swift */; };
		29EEFEDC232324E700E27264 /* Assets.xcassets in Resources */ = {isa = PBXBuildFile; fileRef = 29EEFEDB232324E700E27264 /* Assets.xcassets */; };
		29EEFEDF232324E800E27264 /* Preview Assets.xcassets in Resources */ = {isa = PBXBuildFile; fileRef = 29EEFEDE232324E800E27264 /* Preview Assets.xcassets */; };
		29EEFEE2232324E800E27264 /* LaunchScreen.storyboard in Resources */ = {isa = PBXBuildFile; fileRef = 29EEFEE0232324E800E27264 /* LaunchScreen.storyboard */; };
		29EEFEEA23232D5700E27264 /* L1MusicView.swift in Sources */ = {isa = PBXBuildFile; fileRef = 29EEFEE923232D5700E27264 /* L1MusicView.swift */; };
		29EEFEEC23232D6A00E27264 /* Song.swift in Sources */ = {isa = PBXBuildFile; fileRef = 29EEFEEB23232D6A00E27264 /* Song.swift */; };
		29EEFEEF23232F2F00E27264 /* URLImage in Frameworks */ = {isa = PBXBuildFile; productRef = 29EEFEEE23232F2F00E27264 /* URLImage */; };
		29EEFEF223232F4000E27264 /* SF in Frameworks */ = {isa = PBXBuildFile; productRef = 29EEFEF123232F4000E27264 /* SF */; };
/* End PBXBuildFile section */

/* Begin PBXFileReference section */
		29EEFED2232324E600E27264 /* M.app */ = {isa = PBXFileReference; explicitFileType = wrapper.application; includeInIndex = 0; path = M.app; sourceTree = BUILT_PRODUCTS_DIR; };
		29EEFED5232324E600E27264 /* AppDelegate.swift */ = {isa = PBXFileReference; lastKnownFileType = sourcecode.swift; path = AppDelegate.swift; sourceTree = "<group>"; };
		29EEFED7232324E600E27264 /* SceneDelegate.swift */ = {isa = PBXFileReference; lastKnownFileType = sourcecode.swift; path = SceneDelegate.swift; sourceTree = "<group>"; };
		29EEFED9232324E600E27264 /* ContentView.swift */ = {isa = PBXFileReference; lastKnownFileType = sourcecode.swift; path = ContentView.swift; sourceTree = "<group>"; };
		29EEFEDB232324E700E27264 /* Assets.xcassets */ = {isa = PBXFileReference; lastKnownFileType = folder.assetcatalog; path = Assets.xcassets; sourceTree = "<group>"; };
		29EEFEDE232324E800E27264 /* Preview Assets.xcassets */ = {isa = PBXFileReference; lastKnownFileType = folder.assetcatalog; path = "Preview Assets.xcassets"; sourceTree = "<group>"; };
		29EEFEE1232324E800E27264 /* Base */ = {isa = PBXFileReference; lastKnownFileType = file.storyboard; name = Base; path = Base.lproj/LaunchScreen.storyboard; sourceTree = "<group>"; };
		29EEFEE3232324E800E27264 /* Info.plist */ = {isa = PBXFileReference; lastKnownFileType = text.plist.xml; path = Info.plist; sourceTree = "<group>"; };
		29EEFEE923232D5700E27264 /* L1MusicView.swift */ = {isa = PBXFileReference; lastKnownFileType = sourcecode.swift; path = L1MusicView.swift; sourceTree = "<group>"; };
		29EEFEEB23232D6A00E27264 /* Song.swift */ = {isa = PBXFileReference; lastKnownFileType = sourcecode.swift; path = Song.swift; sourceTree = "<group>"; };
/* End PBXFileReference section */

/* Begin PBXFrameworksBuildPhase section */
		29EEFECF232324E600E27264 /* Frameworks */ = {
			isa = PBXFrameworksBuildPhase;
			buildActionMask = 2147483647;
			files = (
				29EEFEEF23232F2F00E27264 /* URLImage in Frameworks */,
				29EEFEF223232F4000E27264 /* SF in Frameworks */,
			);
			runOnlyForDeploymentPostprocessing = 0;
		};
/* End PBXFrameworksBuildPhase section */

/* Begin PBXGroup section */
		29EEFEC9232324E600E27264 = {
			isa = PBXGroup;
			children = (
				29EEFED4232324E600E27264 /* M */,
				29EEFED3232324E600E27264 /* Products */,
			);
			sourceTree = "<group>";
		};
		29EEFED3232324E600E27264 /* Products */ = {
			isa = PBXGroup;
			children = (
				29EEFED2232324E600E27264 /* M.app */,
			);
			name = Products;
			sourceTree = "<group>";
		};
		29EEFED4232324E600E27264 /* M */ = {
			isa = PBXGroup;
			children = (
				29EEFED5232324E600E27264 /* AppDelegate.swift */,
				29EEFED7232324E600E27264 /* SceneDelegate.swift */,
				29EEFED9232324E600E27264 /* ContentView.swift */,
				29EEFEE923232D5700E27264 /* L1MusicView.swift */,
				29EEFEEB23232D6A00E27264 /* Song.swift */,
				29EEFEDB232324E700E27264 /* Assets.xcassets */,
				29EEFEE0232324E800E27264 /* LaunchScreen.storyboard */,
				29EEFEE3232324E800E27264 /* Info.plist */,
				29EEFEDD232324E800E27264 /* Preview Content */,
			);
			path = M;
			sourceTree = "<group>";
		};
		29EEFEDD232324E800E27264 /* Preview Content */ = {
			isa = PBXGroup;
			children = (
				29EEFEDE232324E800E27264 /* Preview Assets.xcassets */,
			);
			path = "Preview Content";
			sourceTree = "<group>";
		};
/* End PBXGroup section */

/* Begin PBXNativeTarget section */
		29EEFED1232324E600E27264 /* M */ = {
			isa = PBXNativeTarget;
			buildConfigurationList = 29EEFEE6232324E800E27264 /* Build configuration list for PBXNativeTarget "M" */;
			buildPhases = (
				29EEFECE232324E600E27264 /* Sources */,
				29EEFECF232324E600E27264 /* Frameworks */,
				29EEFED0232324E600E27264 /* Resources */,
			);
			buildRules = (
			);
			dependencies = (
			);
			name = M;
			packageProductDependencies = (
				29EEFEEE23232F2F00E27264 /* URLImage */,
				29EEFEF123232F4000E27264 /* SF */,
			);
			productName = M;
			productReference = 29EEFED2232324E600E27264 /* M.app */;
			productType = "com.apple.product-type.application";
		};
/* End PBXNativeTarget section */

/* Begin PBXProject section */
		29EEFECA232324E600E27264 /* Project object */ = {
			isa = PBXProject;
			attributes = {
				LastSwiftUpdateCheck = 1100;
				LastUpgradeCheck = 1100;
				ORGANIZATIONNAME = oneleif;
				TargetAttributes = {
					29EEFED1232324E600E27264 = {
						CreatedOnToolsVersion = 11.0;
					};
				};
			};
			buildConfigurationList = 29EEFECD232324E600E27264 /* Build configuration list for PBXProject "M" */;
			compatibilityVersion = "Xcode 9.3";
			developmentRegion = en;
			hasScannedForEncodings = 0;
			knownRegions = (
				en,
				Base,
			);
			mainGroup = 29EEFEC9232324E600E27264;
			packageReferences = (
				29EEFEED23232F2F00E27264 /* XCRemoteSwiftPackageReference "url-image" */,
				29EEFEF023232F4000E27264 /* XCRemoteSwiftPackageReference "SF" */,
			);
			productRefGroup = 29EEFED3232324E600E27264 /* Products */;
			projectDirPath = "";
			projectRoot = "";
			targets = (
				29EEFED1232324E600E27264 /* M */,
			);
		};
/* End PBXProject section */

/* Begin PBXResourcesBuildPhase section */
		29EEFED0232324E600E27264 /* Resources */ = {
			isa = PBXResourcesBuildPhase;
			buildActionMask = 2147483647;
			files = (
				29EEFEE2232324E800E27264 /* LaunchScreen.storyboard in Resources */,
				29EEFEDF232324E800E27264 /* Preview Assets.xcassets in Resources */,
				29EEFEDC232324E700E27264 /* Assets.xcassets in Resources */,
			);
			runOnlyForDeploymentPostprocessing = 0;
		};
/* End PBXResourcesBuildPhase section */

/* Begin PBXSourcesBuildPhase section */
		29EEFECE232324E600E27264 /* Sources */ = {
			isa = PBXSourcesBuildPhase;
			buildActionMask = 2147483647;
			files = (
				29EEFED6232324E600E27264 /* AppDelegate.swift in Sources */,
				29EEFEEA23232D5700E27264 /* L1MusicView.swift in Sources */,
				29EEFED8232324E600E27264 /* SceneDelegate.swift in Sources */,
				29EEFEDA232324E600E27264 /* ContentView.swift in Sources */,
				29EEFEEC23232D6A00E27264 /* Song.swift in Sources */,
			);
			runOnlyForDeploymentPostprocessing = 0;
		};
/* End PBXSourcesBuildPhase section */

/* Begin PBXVariantGroup section */
		29EEFEE0232324E800E27264 /* LaunchScreen.storyboard */ = {
			isa = PBXVariantGroup;
			children = (
				29EEFEE1232324E800E27264 /* Base */,
			);
			name = LaunchScreen.storyboard;
			sourceTree = "<group>";
		};
/* End PBXVariantGroup section */

/* Begin XCBuildConfiguration section */
		29EEFEE4232324E800E27264 /* Debug */ = {
			isa = XCBuildConfiguration;
			buildSettings = {
				ALWAYS_SEARCH_USER_PATHS = NO;
				CLANG_ANALYZER_NONNULL = YES;
				CLANG_ANALYZER_NUMBER_OBJECT_CONVERSION = YES_AGGRESSIVE;
				CLANG_CXX_LANGUAGE_STANDARD = "gnu++14";
				CLANG_CXX_LIBRARY = "libc++";
				CLANG_ENABLE_MODULES = YES;
				CLANG_ENABLE_OBJC_ARC = YES;
				CLANG_ENABLE_OBJC_WEAK = YES;
				CLANG_WARN_BLOCK_CAPTURE_AUTORELEASING = YES;
				CLANG_WARN_BOOL_CONVERSION = YES;
				CLANG_WARN_COMMA = YES;
				CLANG_WARN_CONSTANT_CONVERSION = YES;
				CLANG_WARN_DEPRECATED_OBJC_IMPLEMENTATIONS = YES;
				CLANG_WARN_DIRECT_OBJC_ISA_USAGE = YES_ERROR;
				CLANG_WARN_DOCUMENTATION_COMMENTS = YES;
				CLANG_WARN_EMPTY_BODY = YES;
				CLANG_WARN_ENUM_CONVERSION = YES;
				CLANG_WARN_INFINITE_RECURSION = YES;
				CLANG_WARN_INT_CONVERSION = YES;
				CLANG_WARN_NON_LITERAL_NULL_CONVERSION = YES;
				CLANG_WARN_OBJC_IMPLICIT_RETAIN_SELF = YES;
				CLANG_WARN_OBJC_LITERAL_CONVERSION = YES;
				CLANG_WARN_OBJC_ROOT_CLASS = YES_ERROR;
				CLANG_WARN_RANGE_LOOP_ANALYSIS = YES;
				CLANG_WARN_STRICT_PROTOTYPES = YES;
				CLANG_WARN_SUSPICIOUS_MOVE = YES;
				CLANG_WARN_UNGUARDED_AVAILABILITY = YES_AGGRESSIVE;
				CLANG_WARN_UNREACHABLE_CODE = YES;
				CLANG_WARN__DUPLICATE_METHOD_MATCH = YES;
				COPY_PHASE_STRIP = NO;
				DEBUG_INFORMATION_FORMAT = dwarf;
				ENABLE_STRICT_OBJC_MSGSEND = YES;
				ENABLE_TESTABILITY = YES;
				GCC_C_LANGUAGE_STANDARD = gnu11;
				GCC_DYNAMIC_NO_PIC = NO;
				GCC_NO_COMMON_BLOCKS = YES;
				GCC_OPTIMIZATION_LEVEL = 0;
				GCC_PREPROCESSOR_DEFINITIONS = (
					"DEBUG=1",
					"$(inherited)",
				);
				GCC_WARN_64_TO_32_BIT_CONVERSION = YES;
				GCC_WARN_ABOUT_RETURN_TYPE = YES_ERROR;
				GCC_WARN_UNDECLARED_SELECTOR = YES;
				GCC_WARN_UNINITIALIZED_AUTOS = YES_AGGRESSIVE;
				GCC_WARN_UNUSED_FUNCTION = YES;
				GCC_WARN_UNUSED_VARIABLE = YES;
				IPHONEOS_DEPLOYMENT_TARGET = 13.0;
				MTL_ENABLE_DEBUG_INFO = INCLUDE_SOURCE;
				MTL_FAST_MATH = YES;
				ONLY_ACTIVE_ARCH = YES;
				SDKROOT = iphoneos;
				SWIFT_ACTIVE_COMPILATION_CONDITIONS = DEBUG;
				SWIFT_OPTIMIZATION_LEVEL = "-Onone";
			};
			name = Debug;
		};
		29EEFEE5232324E800E27264 /* Release */ = {
			isa = XCBuildConfiguration;
			buildSettings = {
				ALWAYS_SEARCH_USER_PATHS = NO;
				CLANG_ANALYZER_NONNULL = YES;
				CLANG_ANALYZER_NUMBER_OBJECT_CONVERSION = YES_AGGRESSIVE;
				CLANG_CXX_LANGUAGE_STANDARD = "gnu++14";
				CLANG_CXX_LIBRARY = "libc++";
				CLANG_ENABLE_MODULES = YES;
				CLANG_ENABLE_OBJC_ARC = YES;
				CLANG_ENABLE_OBJC_WEAK = YES;
				CLANG_WARN_BLOCK_CAPTURE_AUTORELEASING = YES;
				CLANG_WARN_BOOL_CONVERSION = YES;
				CLANG_WARN_COMMA = YES;
				CLANG_WARN_CONSTANT_CONVERSION = YES;
				CLANG_WARN_DEPRECATED_OBJC_IMPLEMENTATIONS = YES;
				CLANG_WARN_DIRECT_OBJC_ISA_USAGE = YES_ERROR;
				CLANG_WARN_DOCUMENTATION_COMMENTS = YES;
				CLANG_WARN_EMPTY_BODY = YES;
				CLANG_WARN_ENUM_CONVERSION = YES;
				CLANG_WARN_INFINITE_RECURSION = YES;
				CLANG_WARN_INT_CONVERSION = YES;
				CLANG_WARN_NON_LITERAL_NULL_CONVERSION = YES;
				CLANG_WARN_OBJC_IMPLICIT_RETAIN_SELF = YES;
				CLANG_WARN_OBJC_LITERAL_CONVERSION = YES;
				CLANG_WARN_OBJC_ROOT_CLASS = YES_ERROR;
				CLANG_WARN_RANGE_LOOP_ANALYSIS = YES;
				CLANG_WARN_STRICT_PROTOTYPES = YES;
				CLANG_WARN_SUSPICIOUS_MOVE = YES;
				CLANG_WARN_UNGUARDED_AVAILABILITY = YES_AGGRESSIVE;
				CLANG_WARN_UNREACHABLE_CODE = YES;
				CLANG_WARN__DUPLICATE_METHOD_MATCH = YES;
				COPY_PHASE_STRIP = NO;
				DEBUG_INFORMATION_FORMAT = "dwarf-with-dsym";
				ENABLE_NS_ASSERTIONS = NO;
				ENABLE_STRICT_OBJC_MSGSEND = YES;
				GCC_C_LANGUAGE_STANDARD = gnu11;
				GCC_NO_COMMON_BLOCKS = YES;
				GCC_WARN_64_TO_32_BIT_CONVERSION = YES;
				GCC_WARN_ABOUT_RETURN_TYPE = YES_ERROR;
				GCC_WARN_UNDECLARED_SELECTOR = YES;
				GCC_WARN_UNINITIALIZED_AUTOS = YES_AGGRESSIVE;
				GCC_WARN_UNUSED_FUNCTION = YES;
				GCC_WARN_UNUSED_VARIABLE = YES;
				IPHONEOS_DEPLOYMENT_TARGET = 13.0;
				MTL_ENABLE_DEBUG_INFO = NO;
				MTL_FAST_MATH = YES;
				SDKROOT = iphoneos;
				SWIFT_COMPILATION_MODE = wholemodule;
				SWIFT_OPTIMIZATION_LEVEL = "-O";
				VALIDATE_PRODUCT = YES;
			};
			name = Release;
		};
		29EEFEE7232324E800E27264 /* Debug */ = {
			isa = XCBuildConfiguration;
			buildSettings = {
				ASSETCATALOG_COMPILER_APPICON_NAME = AppIcon;
				CODE_SIGN_STYLE = Automatic;
				DEVELOPMENT_ASSET_PATHS = "\"M/Preview Content\"";
				DEVELOPMENT_TEAM = 8M8SAX62V2;
				ENABLE_PREVIEWS = YES;
				INFOPLIST_FILE = M/Info.plist;
				LD_RUNPATH_SEARCH_PATHS = (
					"$(inherited)",
					"@executable_path/Frameworks",
				);
				PRODUCT_BUNDLE_IDENTIFIER = ol.M;
				PRODUCT_NAME = "$(TARGET_NAME)";
				SWIFT_VERSION = 5.0;
				TARGETED_DEVICE_FAMILY = "1,2";
			};
			name = Debug;
		};
		29EEFEE8232324E800E27264 /* Release */ = {
			isa = XCBuildConfiguration;
			buildSettings = {
				ASSETCATALOG_COMPILER_APPICON_NAME = AppIcon;
				CODE_SIGN_STYLE = Automatic;
				DEVELOPMENT_ASSET_PATHS = "\"M/Preview Content\"";
				DEVELOPMENT_TEAM = 8M8SAX62V2;
				ENABLE_PREVIEWS = YES;
				INFOPLIST_FILE = M/Info.plist;
				LD_RUNPATH_SEARCH_PATHS = (
					"$(inherited)",
					"@executable_path/Frameworks",
				);
				PRODUCT_BUNDLE_IDENTIFIER = ol.M;
				PRODUCT_NAME = "$(TARGET_NAME)";
				SWIFT_VERSION = 5.0;
				TARGETED_DEVICE_FAMILY = "1,2";
			};
			name = Release;
		};
/* End XCBuildConfiguration section */

/* Begin XCConfigurationList section */
		29EEFECD232324E600E27264 /* Build configuration list for PBXProject "M" */ = {
			isa = XCConfigurationList;
			buildConfigurations = (
				29EEFEE4232324E800E27264 /* Debug */,
				29EEFEE5232324E800E27264 /* Release */,
			);
			defaultConfigurationIsVisible = 0;
			defaultConfigurationName = Release;
		};
		29EEFEE6232324E800E27264 /* Build configuration list for PBXNativeTarget "M" */ = {
			isa = XCConfigurationList;
			buildConfigurations = (
				29EEFEE7232324E800E27264 /* Debug */,
				29EEFEE8232324E800E27264 /* Release */,
			);
			defaultConfigurationIsVisible = 0;
			defaultConfigurationName = Release;
		};
/* End XCConfigurationList section */

/* Begin XCRemoteSwiftPackageReference section */
		29EEFEED23232F2F00E27264 /* XCRemoteSwiftPackageReference "url-image" */ = {
			isa = XCRemoteSwiftPackageReference;
			repositoryURL = "https://github.com/dmytro-anokhin/url-image";
			requirement = {
				kind = upToNextMajorVersion;
				minimumVersion = 0.6.1;
			};
		};
		29EEFEF023232F4000E27264 /* XCRemoteSwiftPackageReference "SF" */ = {
			isa = XCRemoteSwiftPackageReference;
			repositoryURL = "https://github.com/zmeriksen/SF.git";
			requirement = {
				branch = master;
				kind = branch;
			};
		};
/* End XCRemoteSwiftPackageReference section */

/* Begin XCSwiftPackageProductDependency section */
		29EEFEEE23232F2F00E27264 /* URLImage */ = {
			isa = XCSwiftPackageProductDependency;
			package = 29EEFEED23232F2F00E27264 /* XCRemoteSwiftPackageReference "url-image" */;
			productName = URLImage;
		};
		29EEFEF123232F4000E27264 /* SF */ = {
			isa = XCSwiftPackageProductDependency;
			package = 29EEFEF023232F4000E27264 /* XCRemoteSwiftPackageReference "SF" */;
			productName = SF;
		};
/* End XCSwiftPackageProductDependency section */
	};
	rootObject = 29EEFECA232324E600E27264 /* Project object */;
}
